// !$*UTF8*$!
{
	archiveVersion = 1;
	classes = {
	};
	objectVersion = 55;
	objects = {

/* Begin PBXBuildFile section */
		88668B552BCE4EEE0059BDB4 /* testApp.swift in Sources */ = {isa = PBXBuildFile; fileRef = 88668B542BCE4EEE0059BDB4 /* testApp.swift */; };
		88668B572BCE4EEE0059BDB4 /* ContentView.swift in Sources */ = {isa = PBXBuildFile; fileRef = 88668B562BCE4EEE0059BDB4 /* ContentView.swift */; };
		88668B592BCE4EF00059BDB4 /* Assets.xcassets in Resources */ = {isa = PBXBuildFile; fileRef = 88668B582BCE4EF00059BDB4 /* Assets.xcassets */; };
		88668B5C2BCE4EF00059BDB4 /* Preview Assets.xcassets in Resources */ = {isa = PBXBuildFile; fileRef = 88668B5B2BCE4EF00059BDB4 /* Preview Assets.xcassets */; };
		88668B662BCE4EF00059BDB4 /* testTests.swift in Sources */ = {isa = PBXBuildFile; fileRef = 88668B652BCE4EF00059BDB4 /* testTests.swift */; };
		88668B702BCE4EF00059BDB4 /* testUITests.swift in Sources */ = {isa = PBXBuildFile; fileRef = 88668B6F2BCE4EF00059BDB4 /* testUITests.swift */; };
		88668B722BCE4EF00059BDB4 /* testUITestsLaunchTests.swift in Sources */ = {isa = PBXBuildFile; fileRef = 88668B712BCE4EF00059BDB4 /* testUITestsLaunchTests.swift */; };
		88668B802BCE4F0A0059BDB4 /* AudioKit in Frameworks */ = {isa = PBXBuildFile; productRef = 88668B7F2BCE4F0A0059BDB4 /* AudioKit */; };
/* End PBXBuildFile section */

/* Begin PBXContainerItemProxy section */
		88668B622BCE4EF00059BDB4 /* PBXContainerItemProxy */ = {
			isa = PBXContainerItemProxy;
			containerPortal = 88668B492BCE4EED0059BDB4 /* Project object */;
			proxyType = 1;
			remoteGlobalIDString = 88668B502BCE4EEE0059BDB4;
			remoteInfo = test;
		};
		88668B6C2BCE4EF00059BDB4 /* PBXContainerItemProxy */ = {
			isa = PBXContainerItemProxy;
			containerPortal = 88668B492BCE4EED0059BDB4 /* Project object */;
			proxyType = 1;
			remoteGlobalIDString = 88668B502BCE4EEE0059BDB4;
			remoteInfo = test;
		};
/* End PBXContainerItemProxy section */

/* Begin PBXFileReference section */
		88668B512BCE4EEE0059BDB4 /* test.app */ = {isa = PBXFileReference; explicitFileType = wrapper.application; includeInIndex = 0; path = test.app; sourceTree = BUILT_PRODUCTS_DIR; };
		88668B542BCE4EEE0059BDB4 /* testApp.swift */ = {isa = PBXFileReference; lastKnownFileType = sourcecode.swift; path = testApp.swift; sourceTree = "<group>"; };
		88668B562BCE4EEE0059BDB4 /* ContentView.swift */ = {isa = PBXFileReference; lastKnownFileType = sourcecode.swift; path = ContentView.swift; sourceTree = "<group>"; };
		88668B582BCE4EF00059BDB4 /* Assets.xcassets */ = {isa = PBXFileReference; lastKnownFileType = folder.assetcatalog; path = Assets.xcassets; sourceTree = "<group>"; };
		88668B5B2BCE4EF00059BDB4 /* Preview Assets.xcassets */ = {isa = PBXFileReference; lastKnownFileType = folder.assetcatalog; path = "Preview Assets.xcassets"; sourceTree = "<group>"; };
		88668B612BCE4EF00059BDB4 /* testTests.xctest */ = {isa = PBXFileReference; explicitFileType = wrapper.cfbundle; includeInIndex = 0; path = testTests.xctest; sourceTree = BUILT_PRODUCTS_DIR; };
		88668B652BCE4EF00059BDB4 /* testTests.swift */ = {isa = PBXFileReference; lastKnownFileType = sourcecode.swift; path = testTests.swift; sourceTree = "<group>"; };
		88668B6B2BCE4EF00059BDB4 /* testUITests.xctest */ = {isa = PBXFileReference; explicitFileType = wrapper.cfbundle; includeInIndex = 0; path = testUITests.xctest; sourceTree = BUILT_PRODUCTS_DIR; };
		88668B6F2BCE4EF00059BDB4 /* testUITests.swift */ = {isa = PBXFileReference; lastKnownFileType = sourcecode.swift; path = testUITests.swift; sourceTree = "<group>"; };
		88668B712BCE4EF00059BDB4 /* testUITestsLaunchTests.swift */ = {isa = PBXFileReference; lastKnownFileType = sourcecode.swift; path = testUITestsLaunchTests.swift; sourceTree = "<group>"; };
/* End PBXFileReference section */

/* Begin PBXFrameworksBuildPhase section */
		88668B4E2BCE4EEE0059BDB4 /* Frameworks */ = {
			isa = PBXFrameworksBuildPhase;
			buildActionMask = 2147483647;
			files = (
				88668B802BCE4F0A0059BDB4 /* AudioKit in Frameworks */,
			);
			runOnlyForDeploymentPostprocessing = 0;
		};
		88668B5E2BCE4EF00059BDB4 /* Frameworks */ = {
			isa = PBXFrameworksBuildPhase;
			buildActionMask = 2147483647;
			files = (
			);
			runOnlyForDeploymentPostprocessing = 0;
		};
		88668B682BCE4EF00059BDB4 /* Frameworks */ = {
			isa = PBXFrameworksBuildPhase;
			buildActionMask = 2147483647;
			files = (
			);
			runOnlyForDeploymentPostprocessing = 0;
		};
/* End PBXFrameworksBuildPhase section */

/* Begin PBXGroup section */
		88668B482BCE4EED0059BDB4 = {
			isa = PBXGroup;
			children = (
				88668B532BCE4EEE0059BDB4 /* test */,
				88668B642BCE4EF00059BDB4 /* testTests */,
				88668B6E2BCE4EF00059BDB4 /* testUITests */,
				88668B522BCE4EEE0059BDB4 /* Products */,
			);
			sourceTree = "<group>";
		};
		88668B522BCE4EEE0059BDB4 /* Products */ = {
			isa = PBXGroup;
			children = (
				88668B512BCE4EEE0059BDB4 /* test.app */,
				88668B612BCE4EF00059BDB4 /* testTests.xctest */,
				88668B6B2BCE4EF00059BDB4 /* testUITests.xctest */,
			);
			name = Products;
			sourceTree = "<group>";
		};
		88668B532BCE4EEE0059BDB4 /* test */ = {
			isa = PBXGroup;
			children = (
				88668B542BCE4EEE0059BDB4 /* testApp.swift */,
				88668B562BCE4EEE0059BDB4 /* ContentView.swift */,
				88668B582BCE4EF00059BDB4 /* Assets.xcassets */,
				88668B5A2BCE4EF00059BDB4 /* Preview Content */,
			);
			path = test;
			sourceTree = "<group>";
		};
		88668B5A2BCE4EF00059BDB4 /* Preview Content */ = {
			isa = PBXGroup;
			children = (
				88668B5B2BCE4EF00059BDB4 /* Preview Assets.xcassets */,
			);
			path = "Preview Content";
			sourceTree = "<group>";
		};
		88668B642BCE4EF00059BDB4 /* testTests */ = {
			isa = PBXGroup;
			children = (
				88668B652BCE4EF00059BDB4 /* testTests.swift */,
			);
			path = testTests;
			sourceTree = "<group>";
		};
		88668B6E2BCE4EF00059BDB4 /* testUITests */ = {
			isa = PBXGroup;
			children = (
				88668B6F2BCE4EF00059BDB4 /* testUITests.swift */,
				88668B712BCE4EF00059BDB4 /* testUITestsLaunchTests.swift */,
			);
			path = testUITests;
			sourceTree = "<group>";
		};
/* End PBXGroup section */

/* Begin PBXNativeTarget section */
		88668B502BCE4EEE0059BDB4 /* test */ = {
			isa = PBXNativeTarget;
			buildConfigurationList = 88668B752BCE4EF00059BDB4 /* Build configuration list for PBXNativeTarget "test" */;
			buildPhases = (
				88668B4D2BCE4EEE0059BDB4 /* Sources */,
				88668B4E2BCE4EEE0059BDB4 /* Frameworks */,
				88668B4F2BCE4EEE0059BDB4 /* Resources */,
			);
			buildRules = (
			);
			dependencies = (
			);
			name = test;
			packageProductDependencies = (
				88668B7F2BCE4F0A0059BDB4 /* AudioKit */,
			);
			productName = test;
			productReference = 88668B512BCE4EEE0059BDB4 /* test.app */;
			productType = "com.apple.product-type.application";
		};
		88668B602BCE4EF00059BDB4 /* testTests */ = {
			isa = PBXNativeTarget;
			buildConfigurationList = 88668B782BCE4EF00059BDB4 /* Build configuration list for PBXNativeTarget "testTests" */;
			buildPhases = (
				88668B5D2BCE4EF00059BDB4 /* Sources */,
				88668B5E2BCE4EF00059BDB4 /* Frameworks */,
				88668B5F2BCE4EF00059BDB4 /* Resources */,
			);
			buildRules = (
			);
			dependencies = (
				88668B632BCE4EF00059BDB4 /* PBXTargetDependency */,
			);
			name = testTests;
			productName = testTests;
			productReference = 88668B612BCE4EF00059BDB4 /* testTests.xctest */;
			productType = "com.apple.product-type.bundle.unit-test";
		};
		88668B6A2BCE4EF00059BDB4 /* testUITests */ = {
			isa = PBXNativeTarget;
			buildConfigurationList = 88668B7B2BCE4EF00059BDB4 /* Build configuration list for PBXNativeTarget "testUITests" */;
			buildPhases = (
				88668B672BCE4EF00059BDB4 /* Sources */,
				88668B682BCE4EF00059BDB4 /* Frameworks */,
				88668B692BCE4EF00059BDB4 /* Resources */,
			);
			buildRules = (
			);
			dependencies = (
				88668B6D2BCE4EF00059BDB4 /* PBXTargetDependency */,
			);
			name = testUITests;
			productName = testUITests;
			productReference = 88668B6B2BCE4EF00059BDB4 /* testUITests.xctest */;
			productType = "com.apple.product-type.bundle.ui-testing";
		};
/* End PBXNativeTarget section */

/* Begin PBXProject section */
		88668B492BCE4EED0059BDB4 /* Project object */ = {
			isa = PBXProject;
			attributes = {
				BuildIndependentTargetsInParallel = 1;
				LastSwiftUpdateCheck = 1340;
				LastUpgradeCheck = 1340;
				TargetAttributes = {
					88668B502BCE4EEE0059BDB4 = {
						CreatedOnToolsVersion = 13.4.1;
					};
					88668B602BCE4EF00059BDB4 = {
						CreatedOnToolsVersion = 13.4.1;
						TestTargetID = 88668B502BCE4EEE0059BDB4;
					};
					88668B6A2BCE4EF00059BDB4 = {
						CreatedOnToolsVersion = 13.4.1;
						TestTargetID = 88668B502BCE4EEE0059BDB4;
					};
				};
			};
			buildConfigurationList = 88668B4C2BCE4EED0059BDB4 /* Build configuration list for PBXProject "test" */;
			compatibilityVersion = "Xcode 13.0";
			developmentRegion = en;
			hasScannedForEncodings = 0;
			knownRegions = (
				en,
				Base,
			);
			mainGroup = 88668B482BCE4EED0059BDB4;
			packageReferences = (
				88668B7E2BCE4F0A0059BDB4 /* XCRemoteSwiftPackageReference "AudioKit" */,
			);
			productRefGroup = 88668B522BCE4EEE0059BDB4 /* Products */;
			projectDirPath = "";
			projectRoot = "";
			targets = (
				88668B502BCE4EEE0059BDB4 /* test */,
				88668B602BCE4EF00059BDB4 /* testTests */,
				88668B6A2BCE4EF00059BDB4 /* testUITests */,
			);
		};
/* End PBXProject section */

/* Begin PBXResourcesBuildPhase section */
		88668B4F2BCE4EEE0059BDB4 /* Resources */ = {
			isa = PBXResourcesBuildPhase;
			buildActionMask = 2147483647;
			files = (
				88668B5C2BCE4EF00059BDB4 /* Preview Assets.xcassets in Resources */,
				88668B592BCE4EF00059BDB4 /* Assets.xcassets in Resources */,
			);
			runOnlyForDeploymentPostprocessing = 0;
		};
		88668B5F2BCE4EF00059BDB4 /* Resources */ = {
			isa = PBXResourcesBuildPhase;
			buildActionMask = 2147483647;
			files = (
			);
			runOnlyForDeploymentPostprocessing = 0;
		};
		88668B692BCE4EF00059BDB4 /* Resources */ = {
			isa = PBXResourcesBuildPhase;
			buildActionMask = 2147483647;
			files = (
			);
			runOnlyForDeploymentPostprocessing = 0;
		};
/* End PBXResourcesBuildPhase section */

/* Begin PBXSourcesBuildPhase section */
		88668B4D2BCE4EEE0059BDB4 /* Sources */ = {
			isa = PBXSourcesBuildPhase;
			buildActionMask = 2147483647;
			files = (
				88668B572BCE4EEE0059BDB4 /* ContentView.swift in Sources */,
				88668B552BCE4EEE0059BDB4 /* testApp.swift in Sources */,
			);
			runOnlyForDeploymentPostprocessing = 0;
		};
		88668B5D2BCE4EF00059BDB4 /* Sources */ = {
			isa = PBXSourcesBuildPhase;
			buildActionMask = 2147483647;
			files = (
				88668B662BCE4EF00059BDB4 /* testTests.swift in Sources */,
			);
			runOnlyForDeploymentPostprocessing = 0;
		};
		88668B672BCE4EF00059BDB4 /* Sources */ = {
			isa = PBXSourcesBuildPhase;
			buildActionMask = 2147483647;
			files = (
				88668B722BCE4EF00059BDB4 /* testUITestsLaunchTests.swift in Sources */,
				88668B702BCE4EF00059BDB4 /* testUITests.swift in Sources */,
			);
			runOnlyForDeploymentPostprocessing = 0;
		};
/* End PBXSourcesBuildPhase section */

/* Begin PBXTargetDependency section */
		88668B632BCE4EF00059BDB4 /* PBXTargetDependency */ = {
			isa = PBXTargetDependency;
			target = 88668B502BCE4EEE0059BDB4 /* test */;
			targetProxy = 88668B622BCE4EF00059BDB4 /* PBXContainerItemProxy */;
		};
		88668B6D2BCE4EF00059BDB4 /* PBXTargetDependency */ = {
			isa = PBXTargetDependency;
			target = 88668B502BCE4EEE0059BDB4 /* test */;
			targetProxy = 88668B6C2BCE4EF00059BDB4 /* PBXContainerItemProxy */;
		};
/* End PBXTargetDependency section */

/* Begin XCBuildConfiguration section */
		88668B732BCE4EF00059BDB4 /* Debug */ = {
			isa = XCBuildConfiguration;
			buildSettings = {
				ALWAYS_SEARCH_USER_PATHS = NO;
				CLANG_ANALYZER_NONNULL = YES;
				CLANG_ANALYZER_NUMBER_OBJECT_CONVERSION = YES_AGGRESSIVE;
				CLANG_CXX_LANGUAGE_STANDARD = "gnu++17";
				CLANG_ENABLE_MODULES = YES;
				CLANG_ENABLE_OBJC_ARC = YES;
				CLANG_ENABLE_OBJC_WEAK = YES;
				CLANG_WARN_BLOCK_CAPTURE_AUTORELEASING = YES;
				CLANG_WARN_BOOL_CONVERSION = YES;
				CLANG_WARN_COMMA = YES;
				CLANG_WARN_CONSTANT_CONVERSION = YES;
				CLANG_WARN_DEPRECATED_OBJC_IMPLEMENTATIONS = YES;
				CLANG_WARN_DIRECT_OBJC_ISA_USAGE = YES_ERROR;
				CLANG_WARN_DOCUMENTATION_COMMENTS = YES;
				CLANG_WARN_EMPTY_BODY = YES;
				CLANG_WARN_ENUM_CONVERSION = YES;
				CLANG_WARN_INFINITE_RECURSION = YES;
				CLANG_WARN_INT_CONVERSION = YES;
				CLANG_WARN_NON_LITERAL_NULL_CONVERSION = YES;
				CLANG_WARN_OBJC_IMPLICIT_RETAIN_SELF = YES;
				CLANG_WARN_OBJC_LITERAL_CONVERSION = YES;
				CLANG_WARN_OBJC_ROOT_CLASS = YES_ERROR;
				CLANG_WARN_QUOTED_INCLUDE_IN_FRAMEWORK_HEADER = YES;
				CLANG_WARN_RANGE_LOOP_ANALYSIS = YES;
				CLANG_WARN_STRICT_PROTOTYPES = YES;
				CLANG_WARN_SUSPICIOUS_MOVE = YES;
				CLANG_WARN_UNGUARDED_AVAILABILITY = YES_AGGRESSIVE;
				CLANG_WARN_UNREACHABLE_CODE = YES;
				CLANG_WARN__DUPLICATE_METHOD_MATCH = YES;
				COPY_PHASE_STRIP = NO;
				DEBUG_INFORMATION_FORMAT = dwarf;
				ENABLE_STRICT_OBJC_MSGSEND = YES;
				ENABLE_TESTABILITY = YES;
				GCC_C_LANGUAGE_STANDARD = gnu11;
				GCC_DYNAMIC_NO_PIC = NO;
				GCC_NO_COMMON_BLOCKS = YES;
				GCC_OPTIMIZATION_LEVEL = 0;
				GCC_PREPROCESSOR_DEFINITIONS = (
					"DEBUG=1",
					"$(inherited)",
				);
				GCC_WARN_64_TO_32_BIT_CONVERSION = YES;
				GCC_WARN_ABOUT_RETURN_TYPE = YES_ERROR;
				GCC_WARN_UNDECLARED_SELECTOR = YES;
				GCC_WARN_UNINITIALIZED_AUTOS = YES_AGGRESSIVE;
				GCC_WARN_UNUSED_FUNCTION = YES;
				GCC_WARN_UNUSED_VARIABLE = YES;
				IPHONEOS_DEPLOYMENT_TARGET = 15.5;
				MTL_ENABLE_DEBUG_INFO = INCLUDE_SOURCE;
				MTL_FAST_MATH = YES;
				ONLY_ACTIVE_ARCH = YES;
				SDKROOT = iphoneos;
				SWIFT_ACTIVE_COMPILATION_CONDITIONS = DEBUG;
				SWIFT_OPTIMIZATION_LEVEL = "-Onone";
			};
			name = Debug;
		};
		88668B742BCE4EF00059BDB4 /* Release */ = {
			isa = XCBuildConfiguration;
			buildSettings = {
				ALWAYS_SEARCH_USER_PATHS = NO;
				CLANG_ANALYZER_NONNULL = YES;
				CLANG_ANALYZER_NUMBER_OBJECT_CONVERSION = YES_AGGRESSIVE;
				CLANG_CXX_LANGUAGE_STANDARD = "gnu++17";
				CLANG_ENABLE_MODULES = YES;
				CLANG_ENABLE_OBJC_ARC = YES;
				CLANG_ENABLE_OBJC_WEAK = YES;
				CLANG_WARN_BLOCK_CAPTURE_AUTORELEASING = YES;
				CLANG_WARN_BOOL_CONVERSION = YES;
				CLANG_WARN_COMMA = YES;
				CLANG_WARN_CONSTANT_CONVERSION = YES;
				CLANG_WARN_DEPRECATED_OBJC_IMPLEMENTATIONS = YES;
				CLANG_WARN_DIRECT_OBJC_ISA_USAGE = YES_ERROR;
				CLANG_WARN_DOCUMENTATION_COMMENTS = YES;
				CLANG_WARN_EMPTY_BODY = YES;
				CLANG_WARN_ENUM_CONVERSION = YES;
				CLANG_WARN_INFINITE_RECURSION = YES;
				CLANG_WARN_INT_CONVERSION = YES;
				CLANG_WARN_NON_LITERAL_NULL_CONVERSION = YES;
				CLANG_WARN_OBJC_IMPLICIT_RETAIN_SELF = YES;
				CLANG_WARN_OBJC_LITERAL_CONVERSION = YES;
				CLANG_WARN_OBJC_ROOT_CLASS = YES_ERROR;
				CLANG_WARN_QUOTED_INCLUDE_IN_FRAMEWORK_HEADER = YES;
				CLANG_WARN_RANGE_LOOP_ANALYSIS = YES;
				CLANG_WARN_STRICT_PROTOTYPES = YES;
				CLANG_WARN_SUSPICIOUS_MOVE = YES;
				CLANG_WARN_UNGUARDED_AVAILABILITY = YES_AGGRESSIVE;
				CLANG_WARN_UNREACHABLE_CODE = YES;
				CLANG_WARN__DUPLICATE_METHOD_MATCH = YES;
				COPY_PHASE_STRIP = NO;
				DEBUG_INFORMATION_FORMAT = "dwarf-with-dsym";
				ENABLE_NS_ASSERTIONS = NO;
				ENABLE_STRICT_OBJC_MSGSEND = YES;
				GCC_C_LANGUAGE_STANDARD = gnu11;
				GCC_NO_COMMON_BLOCKS = YES;
				GCC_WARN_64_TO_32_BIT_CONVERSION = YES;
				GCC_WARN_ABOUT_RETURN_TYPE = YES_ERROR;
				GCC_WARN_UNDECLARED_SELECTOR = YES;
				GCC_WARN_UNINITIALIZED_AUTOS = YES_AGGRESSIVE;
				GCC_WARN_UNUSED_FUNCTION = YES;
				GCC_WARN_UNUSED_VARIABLE = YES;
				IPHONEOS_DEPLOYMENT_TARGET = 15.5;
				MTL_ENABLE_DEBUG_INFO = NO;
				MTL_FAST_MATH = YES;
				SDKROOT = iphoneos;
				SWIFT_COMPILATION_MODE = wholemodule;
				SWIFT_OPTIMIZATION_LEVEL = "-O";
				VALIDATE_PRODUCT = YES;
			};
			name = Release;
		};
		88668B762BCE4EF00059BDB4 /* Debug */ = {
			isa = XCBuildConfiguration;
			buildSettings = {
				ASSETCATALOG_COMPILER_APPICON_NAME = AppIcon;
				ASSETCATALOG_COMPILER_GLOBAL_ACCENT_COLOR_NAME = AccentColor;
				CODE_SIGN_STYLE = Automatic;
				CURRENT_PROJECT_VERSION = 1;
				DEVELOPMENT_ASSET_PATHS = "\"test/Preview Content\"";
				DEVELOPMENT_TEAM = 9W3KP5GN2C;
				ENABLE_PREVIEWS = YES;
				GENERATE_INFOPLIST_FILE = YES;
				INFOPLIST_KEY_UIApplicationSceneManifest_Generation = YES;
				INFOPLIST_KEY_UIApplicationSupportsIndirectInputEvents = YES;
				INFOPLIST_KEY_UILaunchScreen_Generation = YES;
				INFOPLIST_KEY_UISupportedInterfaceOrientations_iPad = "UIInterfaceOrientationPortrait UIInterfaceOrientationPortraitUpsideDown UIInterfaceOrientationLandscapeLeft UIInterfaceOrientationLandscapeRight";
				INFOPLIST_KEY_UISupportedInterfaceOrientations_iPhone = "UIInterfaceOrientationPortrait UIInterfaceOrientationLandscapeLeft UIInterfaceOrientationLandscapeRight";
				LD_RUNPATH_SEARCH_PATHS = (
					"$(inherited)",
					"@executable_path/Frameworks",
				);
				MARKETING_VERSION = 1.0;
				PRODUCT_BUNDLE_IDENTIFIER = mindful.test;
				PRODUCT_NAME = "$(TARGET_NAME)";
				SWIFT_EMIT_LOC_STRINGS = YES;
				SWIFT_VERSION = 5.0;
				TARGETED_DEVICE_FAMILY = "1,2";
			};
			name = Debug;
		};
		88668B772BCE4EF00059BDB4 /* Release */ = {
			isa = XCBuildConfiguration;
			buildSettings = {
				ASSETCATALOG_COMPILER_APPICON_NAME = AppIcon;
				ASSETCATALOG_COMPILER_GLOBAL_ACCENT_COLOR_NAME = AccentColor;
				CODE_SIGN_STYLE = Automatic;
				CURRENT_PROJECT_VERSION = 1;
				DEVELOPMENT_ASSET_PATHS = "\"test/Preview Content\"";
				DEVELOPMENT_TEAM = 9W3KP5GN2C;
				ENABLE_PREVIEWS = YES;
				GENERATE_INFOPLIST_FILE = YES;
				INFOPLIST_KEY_UIApplicationSceneManifest_Generation = YES;
				INFOPLIST_KEY_UIApplicationSupportsIndirectInputEvents = YES;
				INFOPLIST_KEY_UILaunchScreen_Generation = YES;
				INFOPLIST_KEY_UISupportedInterfaceOrientations_iPad = "UIInterfaceOrientationPortrait UIInterfaceOrientationPortraitUpsideDown UIInterfaceOrientationLandscapeLeft UIInterfaceOrientationLandscapeRight";
				INFOPLIST_KEY_UISupportedInterfaceOrientations_iPhone = "UIInterfaceOrientationPortrait UIInterfaceOrientationLandscapeLeft UIInterfaceOrientationLandscapeRight";
				LD_RUNPATH_SEARCH_PATHS = (
					"$(inherited)",
					"@executable_path/Frameworks",
				);
				MARKETING_VERSION = 1.0;
				PRODUCT_BUNDLE_IDENTIFIER = mindful.test;
				PRODUCT_NAME = "$(TARGET_NAME)";
				SWIFT_EMIT_LOC_STRINGS = YES;
				SWIFT_VERSION = 5.0;
				TARGETED_DEVICE_FAMILY = "1,2";
			};
			name = Release;
		};
		88668B792BCE4EF00059BDB4 /* Debug */ = {
			isa = XCBuildConfiguration;
			buildSettings = {
				ALWAYS_EMBED_SWIFT_STANDARD_LIBRARIES = YES;
				BUNDLE_LOADER = "$(TEST_HOST)";
				CODE_SIGN_STYLE = Automatic;
				CURRENT_PROJECT_VERSION = 1;
				DEVELOPMENT_TEAM = 9W3KP5GN2C;
				GENERATE_INFOPLIST_FILE = YES;
				IPHONEOS_DEPLOYMENT_TARGET = 15.5;
				MARKETING_VERSION = 1.0;
				PRODUCT_BUNDLE_IDENTIFIER = mindful.testTests;
				PRODUCT_NAME = "$(TARGET_NAME)";
				SWIFT_EMIT_LOC_STRINGS = NO;
				SWIFT_VERSION = 5.0;
				TARGETED_DEVICE_FAMILY = "1,2";
				TEST_HOST = "$(BUILT_PRODUCTS_DIR)/test.app/test";
			};
			name = Debug;
		};
		88668B7A2BCE4EF00059BDB4 /* Release */ = {
			isa = XCBuildConfiguration;
			buildSettings = {
				ALWAYS_EMBED_SWIFT_STANDARD_LIBRARIES = YES;
				BUNDLE_LOADER = "$(TEST_HOST)";
				CODE_SIGN_STYLE = Automatic;
				CURRENT_PROJECT_VERSION = 1;
				DEVELOPMENT_TEAM = 9W3KP5GN2C;
				GENERATE_INFOPLIST_FILE = YES;
				IPHONEOS_DEPLOYMENT_TARGET = 15.5;
				MARKETING_VERSION = 1.0;
				PRODUCT_BUNDLE_IDENTIFIER = mindful.testTests;
				PRODUCT_NAME = "$(TARGET_NAME)";
				SWIFT_EMIT_LOC_STRINGS = NO;
				SWIFT_VERSION = 5.0;
				TARGETED_DEVICE_FAMILY = "1,2";
				TEST_HOST = "$(BUILT_PRODUCTS_DIR)/test.app/test";
			};
			name = Release;
		};
		88668B7C2BCE4EF00059BDB4 /* Debug */ = {
			isa = XCBuildConfiguration;
			buildSettings = {
				ALWAYS_EMBED_SWIFT_STANDARD_LIBRARIES = YES;
				CODE_SIGN_STYLE = Automatic;
				CURRENT_PROJECT_VERSION = 1;
				DEVELOPMENT_TEAM = 9W3KP5GN2C;
				GENERATE_INFOPLIST_FILE = YES;
				MARKETING_VERSION = 1.0;
				PRODUCT_BUNDLE_IDENTIFIER = mindful.testUITests;
				PRODUCT_NAME = "$(TARGET_NAME)";
				SWIFT_EMIT_LOC_STRINGS = NO;
				SWIFT_VERSION = 5.0;
				TARGETED_DEVICE_FAMILY = "1,2";
				TEST_TARGET_NAME = test;
			};
			name = Debug;
		};
		88668B7D2BCE4EF00059BDB4 /* Release */ = {
			isa = XCBuildConfiguration;
			buildSettings = {
				ALWAYS_EMBED_SWIFT_STANDARD_LIBRARIES = YES;
				CODE_SIGN_STYLE = Automatic;
				CURRENT_PROJECT_VERSION = 1;
				DEVELOPMENT_TEAM = 9W3KP5GN2C;
				GENERATE_INFOPLIST_FILE = YES;
				MARKETING_VERSION = 1.0;
				PRODUCT_BUNDLE_IDENTIFIER = mindful.testUITests;
				PRODUCT_NAME = "$(TARGET_NAME)";
				SWIFT_EMIT_LOC_STRINGS = NO;
				SWIFT_VERSION = 5.0;
				TARGETED_DEVICE_FAMILY = "1,2";
				TEST_TARGET_NAME = test;
			};
			name = Release;
		};
/* End XCBuildConfiguration section */

/* Begin XCConfigurationList section */
		88668B4C2BCE4EED0059BDB4 /* Build configuration list for PBXProject "test" */ = {
			isa = XCConfigurationList;
			buildConfigurations = (
				88668B732BCE4EF00059BDB4 /* Debug */,
				88668B742BCE4EF00059BDB4 /* Release */,
			);
			defaultConfigurationIsVisible = 0;
			defaultConfigurationName = Release;
		};
		88668B752BCE4EF00059BDB4 /* Build configuration list for PBXNativeTarget "test" */ = {
			isa = XCConfigurationList;
			buildConfigurations = (
				88668B762BCE4EF00059BDB4 /* Debug */,
				88668B772BCE4EF00059BDB4 /* Release */,
			);
			defaultConfigurationIsVisible = 0;
			defaultConfigurationName = Release;
		};
		88668B782BCE4EF00059BDB4 /* Build configuration list for PBXNativeTarget "testTests" */ = {
			isa = XCConfigurationList;
			buildConfigurations = (
				88668B792BCE4EF00059BDB4 /* Debug */,
				88668B7A2BCE4EF00059BDB4 /* Release */,
			);
			defaultConfigurationIsVisible = 0;
			defaultConfigurationName = Release;
		};
		88668B7B2BCE4EF00059BDB4 /* Build configuration list for PBXNativeTarget "testUITests" */ = {
			isa = XCConfigurationList;
			buildConfigurations = (
				88668B7C2BCE4EF00059BDB4 /* Debug */,
				88668B7D2BCE4EF00059BDB4 /* Release */,
			);
			defaultConfigurationIsVisible = 0;
			defaultConfigurationName = Release;
		};
/* End XCConfigurationList section */

/* Begin XCRemoteSwiftPackageReference section */
		88668B7E2BCE4F0A0059BDB4 /* XCRemoteSwiftPackageReference "AudioKit" */ = {
			isa = XCRemoteSwiftPackageReference;
			repositoryURL = "https://github.com/AudioKit/AudioKit.git";
			requirement = {
				kind = upToNextMajorVersion;
				minimumVersion = 5.0.0;
			};
		};
/* End XCRemoteSwiftPackageReference section */

/* Begin XCSwiftPackageProductDependency section */
		88668B7F2BCE4F0A0059BDB4 /* AudioKit */ = {
			isa = XCSwiftPackageProductDependency;
			package = 88668B7E2BCE4F0A0059BDB4 /* XCRemoteSwiftPackageReference "AudioKit" */;
			productName = AudioKit;
		};
/* End XCSwiftPackageProductDependency section */
	};
	rootObject = 88668B492BCE4EED0059BDB4 /* Project object */;
}
